// !$*UTF8*$!
{
	archiveVersion = 1;
	classes = {
	};
	objectVersion = 50;
	objects = {

/* Begin PBXBuildFile section */
		22EB1E5826436E85001FD41B /* CategoryList.swift in Sources */ = {isa = PBXBuildFile; fileRef = 22EB1E5726436E85001FD41B /* CategoryList.swift */; };
		22EB1E5A26436F9C001FD41B /* DetailedView.swift in Sources */ = {isa = PBXBuildFile; fileRef = 22EB1E5926436F9C001FD41B /* DetailedView.swift */; };
		22EB1E5C26437010001FD41B /* categories.json in Resources */ = {isa = PBXBuildFile; fileRef = 22EB1E5B26437010001FD41B /* categories.json */; };
		22EB1E5F26437077001FD41B /* ProgressView.swift in Sources */ = {isa = PBXBuildFile; fileRef = 22EB1E5E26437077001FD41B /* ProgressView.swift */; };
		22EB1E61264370B2001FD41B /* GraphViewMonth.swift in Sources */ = {isa = PBXBuildFile; fileRef = 22EB1E60264370B2001FD41B /* GraphViewMonth.swift */; };
		22EB1E63264370CC001FD41B /* GraphViewWeek.swift in Sources */ = {isa = PBXBuildFile; fileRef = 22EB1E62264370CC001FD41B /* GraphViewWeek.swift */; };
		22EB1E65264370EB001FD41B /* CircleView.swift in Sources */ = {isa = PBXBuildFile; fileRef = 22EB1E64264370EB001FD41B /* CircleView.swift */; };
		22EB1E6826437129001FD41B /* CategoryTasks.swift in Sources */ = {isa = PBXBuildFile; fileRef = 22EB1E6726437129001FD41B /* CategoryTasks.swift */; };
		22EB1E6A26437393001FD41B /* ModelData.swift in Sources */ = {isa = PBXBuildFile; fileRef = 22EB1E6926437393001FD41B /* ModelData.swift */; };
		22EB1E6C264373BD001FD41B /* Categories.swift in Sources */ = {isa = PBXBuildFile; fileRef = 22EB1E6B264373BD001FD41B /* Categories.swift */; };
		22EB1E6F26437409001FD41B /* CategoryRow.swift in Sources */ = {isa = PBXBuildFile; fileRef = 22EB1E6E26437409001FD41B /* CategoryRow.swift */; };
		22EB1E7126437499001FD41B /* Model.swift in Sources */ = {isa = PBXBuildFile; fileRef = 22EB1E7026437499001FD41B /* Model.swift */; };
		22EB1E7326437502001FD41B /* viewModel.swift in Sources */ = {isa = PBXBuildFile; fileRef = 22EB1E7226437502001FD41B /* viewModel.swift */; };
		A95E6B6226425FEB00C73E15 /* AppDelegate.swift in Sources */ = {isa = PBXBuildFile; fileRef = A95E6B6126425FEB00C73E15 /* AppDelegate.swift */; };
		A95E6B6426425FEB00C73E15 /* SceneDelegate.swift in Sources */ = {isa = PBXBuildFile; fileRef = A95E6B6326425FEB00C73E15 /* SceneDelegate.swift */; };
		A95E6B6626425FEB00C73E15 /* ContentView.swift in Sources */ = {isa = PBXBuildFile; fileRef = A95E6B6526425FEB00C73E15 /* ContentView.swift */; };
		A95E6B6926425FEB00C73E15 /* learning_Habit.xcdatamodeld in Sources */ = {isa = PBXBuildFile; fileRef = A95E6B6726425FEB00C73E15 /* learning_Habit.xcdatamodeld */; };
		A95E6B6B26425FEC00C73E15 /* Assets.xcassets in Resources */ = {isa = PBXBuildFile; fileRef = A95E6B6A26425FEC00C73E15 /* Assets.xcassets */; };
		A95E6B6E26425FEC00C73E15 /* Preview Assets.xcassets in Resources */ = {isa = PBXBuildFile; fileRef = A95E6B6D26425FEC00C73E15 /* Preview Assets.xcassets */; };
		A95E6B7126425FEC00C73E15 /* LaunchScreen.storyboard in Resources */ = {isa = PBXBuildFile; fileRef = A95E6B6F26425FEC00C73E15 /* LaunchScreen.storyboard */; };
		A95E6B7A264261B600C73E15 /* Activity_Entry+CoreDataClass.swift in Sources */ = {isa = PBXBuildFile; fileRef = A95E6B78264261B600C73E15 /* Activity_Entry+CoreDataClass.swift */; };
/* End PBXBuildFile section */

/* Begin PBXFileReference section */
		22EB1E5726436E85001FD41B /* CategoryList.swift */ = {isa = PBXFileReference; lastKnownFileType = sourcecode.swift; path = CategoryList.swift; sourceTree = "<group>"; };
		22EB1E5926436F9C001FD41B /* DetailedView.swift */ = {isa = PBXFileReference; lastKnownFileType = sourcecode.swift; path = DetailedView.swift; sourceTree = "<group>"; };
		22EB1E5B26437010001FD41B /* categories.json */ = {isa = PBXFileReference; fileEncoding = 4; lastKnownFileType = text.json; path = categories.json; sourceTree = "<group>"; };
		22EB1E5E26437077001FD41B /* ProgressView.swift */ = {isa = PBXFileReference; lastKnownFileType = sourcecode.swift; path = ProgressView.swift; sourceTree = "<group>"; };
		22EB1E60264370B2001FD41B /* GraphViewMonth.swift */ = {isa = PBXFileReference; lastKnownFileType = sourcecode.swift; path = GraphViewMonth.swift; sourceTree = "<group>"; };
		22EB1E62264370CC001FD41B /* GraphViewWeek.swift */ = {isa = PBXFileReference; lastKnownFileType = sourcecode.swift; path = GraphViewWeek.swift; sourceTree = "<group>"; };
		22EB1E64264370EB001FD41B /* CircleView.swift */ = {isa = PBXFileReference; lastKnownFileType = sourcecode.swift; path = CircleView.swift; sourceTree = "<group>"; };
		22EB1E6726437129001FD41B /* CategoryTasks.swift */ = {isa = PBXFileReference; lastKnownFileType = sourcecode.swift; path = CategoryTasks.swift; sourceTree = "<group>"; };
		22EB1E6926437393001FD41B /* ModelData.swift */ = {isa = PBXFileReference; lastKnownFileType = sourcecode.swift; path = ModelData.swift; sourceTree = "<group>"; };
		22EB1E6B264373BD001FD41B /* Categories.swift */ = {isa = PBXFileReference; lastKnownFileType = sourcecode.swift; path = Categories.swift; sourceTree = "<group>"; };
		22EB1E6E26437409001FD41B /* CategoryRow.swift */ = {isa = PBXFileReference; lastKnownFileType = sourcecode.swift; path = CategoryRow.swift; sourceTree = "<group>"; };
		22EB1E7026437499001FD41B /* Model.swift */ = {isa = PBXFileReference; lastKnownFileType = sourcecode.swift; path = Model.swift; sourceTree = "<group>"; };
		22EB1E7226437502001FD41B /* viewModel.swift */ = {isa = PBXFileReference; lastKnownFileType = sourcecode.swift; path = viewModel.swift; sourceTree = "<group>"; };
		A95E6B5E26425FEB00C73E15 /* learning_Habit.app */ = {isa = PBXFileReference; explicitFileType = wrapper.application; includeInIndex = 0; path = learning_Habit.app; sourceTree = BUILT_PRODUCTS_DIR; };
		A95E6B6126425FEB00C73E15 /* AppDelegate.swift */ = {isa = PBXFileReference; lastKnownFileType = sourcecode.swift; path = AppDelegate.swift; sourceTree = "<group>"; };
		A95E6B6326425FEB00C73E15 /* SceneDelegate.swift */ = {isa = PBXFileReference; lastKnownFileType = sourcecode.swift; path = SceneDelegate.swift; sourceTree = "<group>"; };
		A95E6B6526425FEB00C73E15 /* ContentView.swift */ = {isa = PBXFileReference; lastKnownFileType = sourcecode.swift; path = ContentView.swift; sourceTree = "<group>"; };
		A95E6B6826425FEB00C73E15 /* learning_Habit.xcdatamodel */ = {isa = PBXFileReference; lastKnownFileType = wrapper.xcdatamodel; path = learning_Habit.xcdatamodel; sourceTree = "<group>"; };
		A95E6B6A26425FEC00C73E15 /* Assets.xcassets */ = {isa = PBXFileReference; lastKnownFileType = folder.assetcatalog; path = Assets.xcassets; sourceTree = "<group>"; };
		A95E6B6D26425FEC00C73E15 /* Preview Assets.xcassets */ = {isa = PBXFileReference; lastKnownFileType = folder.assetcatalog; path = "Preview Assets.xcassets"; sourceTree = "<group>"; };
		A95E6B7026425FEC00C73E15 /* Base */ = {isa = PBXFileReference; lastKnownFileType = file.storyboard; name = Base; path = Base.lproj/LaunchScreen.storyboard; sourceTree = "<group>"; };
		A95E6B7226425FEC00C73E15 /* Info.plist */ = {isa = PBXFileReference; lastKnownFileType = text.plist.xml; path = Info.plist; sourceTree = "<group>"; };
		A95E6B78264261B600C73E15 /* Activity_Entry+CoreDataClass.swift */ = {isa = PBXFileReference; lastKnownFileType = sourcecode.swift; path = "Activity_Entry+CoreDataClass.swift"; sourceTree = "<group>"; };
/* End PBXFileReference section */

/* Begin PBXFrameworksBuildPhase section */
		A95E6B5B26425FEB00C73E15 /* Frameworks */ = {
			isa = PBXFrameworksBuildPhase;
			buildActionMask = 2147483647;
			files = (
			);
			runOnlyForDeploymentPostprocessing = 0;
		};
/* End PBXFrameworksBuildPhase section */

/* Begin PBXGroup section */
		22EB1E5D2643703E001FD41B /* views */ = {
			isa = PBXGroup;
			children = (
				22EB1E6D264373CF001FD41B /* CategoryViews */,
				A95E6B6526425FEB00C73E15 /* ContentView.swift */,
				22EB1E60264370B2001FD41B /* GraphViewMonth.swift */,
				22EB1E5E26437077001FD41B /* ProgressView.swift */,
				22EB1E62264370CC001FD41B /* GraphViewWeek.swift */,
			);
			path = views;
			sourceTree = "<group>";
		};
		22EB1E6626437104001FD41B /* Resources */ = {
			isa = PBXGroup;
			children = (
				22EB1E5B26437010001FD41B /* categories.json */,
			);
			path = Resources;
			sourceTree = "<group>";
		};
		22EB1E6D264373CF001FD41B /* CategoryViews */ = {
			isa = PBXGroup;
			children = (
				22EB1E5926436F9C001FD41B /* DetailedView.swift */,
				22EB1E64264370EB001FD41B /* CircleView.swift */,
				22EB1E5726436E85001FD41B /* CategoryList.swift */,
				22EB1E6B264373BD001FD41B /* Categories.swift */,
				22EB1E6E26437409001FD41B /* CategoryRow.swift */,
				22EB1E6726437129001FD41B /* CategoryTasks.swift */,
			);
			path = CategoryViews;
			sourceTree = "<group>";
		};
		A95E6B5526425FEB00C73E15 = {
			isa = PBXGroup;
			children = (
				A95E6B6026425FEB00C73E15 /* learning_Habit */,
				A95E6B5F26425FEB00C73E15 /* Products */,
			);
			sourceTree = "<group>";
		};
		A95E6B5F26425FEB00C73E15 /* Products */ = {
			isa = PBXGroup;
			children = (
				A95E6B5E26425FEB00C73E15 /* learning_Habit.app */,
			);
			name = Products;
			sourceTree = "<group>";
		};
		A95E6B6026425FEB00C73E15 /* learning_Habit */ = {
			isa = PBXGroup;
			children = (
				22EB1E6626437104001FD41B /* Resources */,
				22EB1E5D2643703E001FD41B /* views */,
				A95E6B7C264261C700C73E15 /* Model */,
				A95E6B6126425FEB00C73E15 /* AppDelegate.swift */,
				A95E6B6326425FEB00C73E15 /* SceneDelegate.swift */,
				A95E6B6A26425FEC00C73E15 /* Assets.xcassets */,
				A95E6B6F26425FEC00C73E15 /* LaunchScreen.storyboard */,
				A95E6B7226425FEC00C73E15 /* Info.plist */,
				A95E6B6726425FEB00C73E15 /* learning_Habit.xcdatamodeld */,
				A95E6B6C26425FEC00C73E15 /* Preview Content */,
				22EB1E6926437393001FD41B /* ModelData.swift */,
				22EB1E7026437499001FD41B /* Model.swift */,
				22EB1E7226437502001FD41B /* viewModel.swift */,
			);
			path = learning_Habit;
			sourceTree = "<group>";
		};
		A95E6B6C26425FEC00C73E15 /* Preview Content */ = {
			isa = PBXGroup;
			children = (
				A95E6B6D26425FEC00C73E15 /* Preview Assets.xcassets */,
			);
			path = "Preview Content";
			sourceTree = "<group>";
		};
		A95E6B7C264261C700C73E15 /* Model */ = {
			isa = PBXGroup;
			children = (
				A95E6B78264261B600C73E15 /* Activity_Entry+CoreDataClass.swift */,
			);
			path = Model;
			sourceTree = "<group>";
		};
/* End PBXGroup section */

/* Begin PBXNativeTarget section */
		A95E6B5D26425FEB00C73E15 /* learning_Habit */ = {
			isa = PBXNativeTarget;
			buildConfigurationList = A95E6B7526425FEC00C73E15 /* Build configuration list for PBXNativeTarget "learning_Habit" */;
			buildPhases = (
				A95E6B5A26425FEB00C73E15 /* Sources */,
				A95E6B5B26425FEB00C73E15 /* Frameworks */,
				A95E6B5C26425FEB00C73E15 /* Resources */,
			);
			buildRules = (
			);
			dependencies = (
			);
			name = learning_Habit;
			productName = learning_Habit;
			productReference = A95E6B5E26425FEB00C73E15 /* learning_Habit.app */;
			productType = "com.apple.product-type.application";
		};
/* End PBXNativeTarget section */

/* Begin PBXProject section */
		A95E6B5626425FEB00C73E15 /* Project object */ = {
			isa = PBXProject;
			attributes = {
				LastSwiftUpdateCheck = 1250;
				LastUpgradeCheck = 1250;
				TargetAttributes = {
					A95E6B5D26425FEB00C73E15 = {
						CreatedOnToolsVersion = 12.5;
					};
				};
			};
			buildConfigurationList = A95E6B5926425FEB00C73E15 /* Build configuration list for PBXProject "learning_Habit" */;
			compatibilityVersion = "Xcode 9.3";
			developmentRegion = en;
			hasScannedForEncodings = 0;
			knownRegions = (
				en,
				Base,
			);
			mainGroup = A95E6B5526425FEB00C73E15;
			productRefGroup = A95E6B5F26425FEB00C73E15 /* Products */;
			projectDirPath = "";
			projectRoot = "";
			targets = (
				A95E6B5D26425FEB00C73E15 /* learning_Habit */,
			);
		};
/* End PBXProject section */

/* Begin PBXResourcesBuildPhase section */
		A95E6B5C26425FEB00C73E15 /* Resources */ = {
			isa = PBXResourcesBuildPhase;
			buildActionMask = 2147483647;
			files = (
				A95E6B7126425FEC00C73E15 /* LaunchScreen.storyboard in Resources */,
				22EB1E5C26437010001FD41B /* categories.json in Resources */,
				A95E6B6E26425FEC00C73E15 /* Preview Assets.xcassets in Resources */,
				A95E6B6B26425FEC00C73E15 /* Assets.xcassets in Resources */,
			);
			runOnlyForDeploymentPostprocessing = 0;
		};
/* End PBXResourcesBuildPhase section */

/* Begin PBXSourcesBuildPhase section */
		A95E6B5A26425FEB00C73E15 /* Sources */ = {
			isa = PBXSourcesBuildPhase;
			buildActionMask = 2147483647;
			files = (
				A95E6B6226425FEB00C73E15 /* AppDelegate.swift in Sources */,
				22EB1E6C264373BD001FD41B /* Categories.swift in Sources */,
				A95E6B6426425FEB00C73E15 /* SceneDelegate.swift in Sources */,
				22EB1E6826437129001FD41B /* CategoryTasks.swift in Sources */,
				22EB1E7326437502001FD41B /* viewModel.swift in Sources */,
				22EB1E6A26437393001FD41B /* ModelData.swift in Sources */,
				A95E6B6926425FEB00C73E15 /* learning_Habit.xcdatamodeld in Sources */,
				A95E6B7A264261B600C73E15 /* Activity_Entry+CoreDataClass.swift in Sources */,
				22EB1E7126437499001FD41B /* Model.swift in Sources */,
				22EB1E6F26437409001FD41B /* CategoryRow.swift in Sources */,
				22EB1E5A26436F9C001FD41B /* DetailedView.swift in Sources */,
				22EB1E5F26437077001FD41B /* ProgressView.swift in Sources */,
				22EB1E65264370EB001FD41B /* CircleView.swift in Sources */,
				A95E6B6626425FEB00C73E15 /* ContentView.swift in Sources */,
				22EB1E5826436E85001FD41B /* CategoryList.swift in Sources */,
				22EB1E61264370B2001FD41B /* GraphViewMonth.swift in Sources */,
				22EB1E63264370CC001FD41B /* GraphViewWeek.swift in Sources */,
			);
			runOnlyForDeploymentPostprocessing = 0;
		};
/* End PBXSourcesBuildPhase section */

/* Begin PBXVariantGroup section */
		A95E6B6F26425FEC00C73E15 /* LaunchScreen.storyboard */ = {
			isa = PBXVariantGroup;
			children = (
				A95E6B7026425FEC00C73E15 /* Base */,
			);
			name = LaunchScreen.storyboard;
			sourceTree = "<group>";
		};
/* End PBXVariantGroup section */

/* Begin XCBuildConfiguration section */
		A95E6B7326425FEC00C73E15 /* Debug */ = {
			isa = XCBuildConfiguration;
			buildSettings = {
				ALWAYS_SEARCH_USER_PATHS = NO;
				CLANG_ANALYZER_NONNULL = YES;
				CLANG_ANALYZER_NUMBER_OBJECT_CONVERSION = YES_AGGRESSIVE;
				CLANG_CXX_LANGUAGE_STANDARD = "gnu++14";
				CLANG_CXX_LIBRARY = "libc++";
				CLANG_ENABLE_MODULES = YES;
				CLANG_ENABLE_OBJC_ARC = YES;
				CLANG_ENABLE_OBJC_WEAK = YES;
				CLANG_WARN_BLOCK_CAPTURE_AUTORELEASING = YES;
				CLANG_WARN_BOOL_CONVERSION = YES;
				CLANG_WARN_COMMA = YES;
				CLANG_WARN_CONSTANT_CONVERSION = YES;
				CLANG_WARN_DEPRECATED_OBJC_IMPLEMENTATIONS = YES;
				CLANG_WARN_DIRECT_OBJC_ISA_USAGE = YES_ERROR;
				CLANG_WARN_DOCUMENTATION_COMMENTS = YES;
				CLANG_WARN_EMPTY_BODY = YES;
				CLANG_WARN_ENUM_CONVERSION = YES;
				CLANG_WARN_INFINITE_RECURSION = YES;
				CLANG_WARN_INT_CONVERSION = YES;
				CLANG_WARN_NON_LITERAL_NULL_CONVERSION = YES;
				CLANG_WARN_OBJC_IMPLICIT_RETAIN_SELF = YES;
				CLANG_WARN_OBJC_LITERAL_CONVERSION = YES;
				CLANG_WARN_OBJC_ROOT_CLASS = YES_ERROR;
				CLANG_WARN_QUOTED_INCLUDE_IN_FRAMEWORK_HEADER = YES;
				CLANG_WARN_RANGE_LOOP_ANALYSIS = YES;
				CLANG_WARN_STRICT_PROTOTYPES = YES;
				CLANG_WARN_SUSPICIOUS_MOVE = YES;
				CLANG_WARN_UNGUARDED_AVAILABILITY = YES_AGGRESSIVE;
				CLANG_WARN_UNREACHABLE_CODE = YES;
				CLANG_WARN__DUPLICATE_METHOD_MATCH = YES;
				COPY_PHASE_STRIP = NO;
				DEBUG_INFORMATION_FORMAT = dwarf;
				ENABLE_STRICT_OBJC_MSGSEND = YES;
				ENABLE_TESTABILITY = YES;
				GCC_C_LANGUAGE_STANDARD = gnu11;
				GCC_DYNAMIC_NO_PIC = NO;
				GCC_NO_COMMON_BLOCKS = YES;
				GCC_OPTIMIZATION_LEVEL = 0;
				GCC_PREPROCESSOR_DEFINITIONS = (
					"DEBUG=1",
					"$(inherited)",
				);
				GCC_WARN_64_TO_32_BIT_CONVERSION = YES;
				GCC_WARN_ABOUT_RETURN_TYPE = YES_ERROR;
				GCC_WARN_UNDECLARED_SELECTOR = YES;
				GCC_WARN_UNINITIALIZED_AUTOS = YES_AGGRESSIVE;
				GCC_WARN_UNUSED_FUNCTION = YES;
				GCC_WARN_UNUSED_VARIABLE = YES;
				IPHONEOS_DEPLOYMENT_TARGET = 14.4;
				MTL_ENABLE_DEBUG_INFO = INCLUDE_SOURCE;
				MTL_FAST_MATH = YES;
				ONLY_ACTIVE_ARCH = YES;
				SDKROOT = iphoneos;
				SWIFT_ACTIVE_COMPILATION_CONDITIONS = DEBUG;
				SWIFT_OPTIMIZATION_LEVEL = "-Onone";
			};
			name = Debug;
		};
		A95E6B7426425FEC00C73E15 /* Release */ = {
			isa = XCBuildConfiguration;
			buildSettings = {
				ALWAYS_SEARCH_USER_PATHS = NO;
				CLANG_ANALYZER_NONNULL = YES;
				CLANG_ANALYZER_NUMBER_OBJECT_CONVERSION = YES_AGGRESSIVE;
				CLANG_CXX_LANGUAGE_STANDARD = "gnu++14";
				CLANG_CXX_LIBRARY = "libc++";
				CLANG_ENABLE_MODULES = YES;
				CLANG_ENABLE_OBJC_ARC = YES;
				CLANG_ENABLE_OBJC_WEAK = YES;
				CLANG_WARN_BLOCK_CAPTURE_AUTORELEASING = YES;
				CLANG_WARN_BOOL_CONVERSION = YES;
				CLANG_WARN_COMMA = YES;
				CLANG_WARN_CONSTANT_CONVERSION = YES;
				CLANG_WARN_DEPRECATED_OBJC_IMPLEMENTATIONS = YES;
				CLANG_WARN_DIRECT_OBJC_ISA_USAGE = YES_ERROR;
				CLANG_WARN_DOCUMENTATION_COMMENTS = YES;
				CLANG_WARN_EMPTY_BODY = YES;
				CLANG_WARN_ENUM_CONVERSION = YES;
				CLANG_WARN_INFINITE_RECURSION = YES;
				CLANG_WARN_INT_CONVERSION = YES;
				CLANG_WARN_NON_LITERAL_NULL_CONVERSION = YES;
				CLANG_WARN_OBJC_IMPLICIT_RETAIN_SELF = YES;
				CLANG_WARN_OBJC_LITERAL_CONVERSION = YES;
				CLANG_WARN_OBJC_ROOT_CLASS = YES_ERROR;
				CLANG_WARN_QUOTED_INCLUDE_IN_FRAMEWORK_HEADER = YES;
				CLANG_WARN_RANGE_LOOP_ANALYSIS = YES;
				CLANG_WARN_STRICT_PROTOTYPES = YES;
				CLANG_WARN_SUSPICIOUS_MOVE = YES;
				CLANG_WARN_UNGUARDED_AVAILABILITY = YES_AGGRESSIVE;
				CLANG_WARN_UNREACHABLE_CODE = YES;
				CLANG_WARN__DUPLICATE_METHOD_MATCH = YES;
				COPY_PHASE_STRIP = NO;
				DEBUG_INFORMATION_FORMAT = "dwarf-with-dsym";
				ENABLE_NS_ASSERTIONS = NO;
				ENABLE_STRICT_OBJC_MSGSEND = YES;
				GCC_C_LANGUAGE_STANDARD = gnu11;
				GCC_NO_COMMON_BLOCKS = YES;
				GCC_WARN_64_TO_32_BIT_CONVERSION = YES;
				GCC_WARN_ABOUT_RETURN_TYPE = YES_ERROR;
				GCC_WARN_UNDECLARED_SELECTOR = YES;
				GCC_WARN_UNINITIALIZED_AUTOS = YES_AGGRESSIVE;
				GCC_WARN_UNUSED_FUNCTION = YES;
				GCC_WARN_UNUSED_VARIABLE = YES;
				IPHONEOS_DEPLOYMENT_TARGET = 14.4;
				MTL_ENABLE_DEBUG_INFO = NO;
				MTL_FAST_MATH = YES;
				SDKROOT = iphoneos;
				SWIFT_COMPILATION_MODE = wholemodule;
				SWIFT_OPTIMIZATION_LEVEL = "-O";
				VALIDATE_PRODUCT = YES;
			};
			name = Release;
		};
		A95E6B7626425FEC00C73E15 /* Debug */ = {
			isa = XCBuildConfiguration;
			buildSettings = {
				ASSETCATALOG_COMPILER_APPICON_NAME = AppIcon;
				ASSETCATALOG_COMPILER_GLOBAL_ACCENT_COLOR_NAME = AccentColor;
				CODE_SIGN_STYLE = Automatic;
				DEVELOPMENT_ASSET_PATHS = "\"learning_Habit/Preview Content\"";
				DEVELOPMENT_TEAM = 9CF77V42N8;
				ENABLE_PREVIEWS = YES;
				INFOPLIST_FILE = learning_Habit/Info.plist;
				IPHONEOS_DEPLOYMENT_TARGET = 14.3;
				LD_RUNPATH_SEARCH_PATHS = (
					"$(inherited)",
					"@executable_path/Frameworks",
				);
				PRODUCT_BUNDLE_IDENTIFIER = "alexBarajas.learning-Habit";
				PRODUCT_NAME = "$(TARGET_NAME)";
				SWIFT_VERSION = 5.0;
				TARGETED_DEVICE_FAMILY = "1,2";
			};
			name = Debug;
		};
		A95E6B7726425FEC00C73E15 /* Release */ = {
			isa = XCBuildConfiguration;
			buildSettings = {
				ASSETCATALOG_COMPILER_APPICON_NAME = AppIcon;
				ASSETCATALOG_COMPILER_GLOBAL_ACCENT_COLOR_NAME = AccentColor;
				CODE_SIGN_STYLE = Automatic;
				DEVELOPMENT_ASSET_PATHS = "\"learning_Habit/Preview Content\"";
				DEVELOPMENT_TEAM = 9CF77V42N8;
				ENABLE_PREVIEWS = YES;
				INFOPLIST_FILE = learning_Habit/Info.plist;
				IPHONEOS_DEPLOYMENT_TARGET = 14.3;
				LD_RUNPATH_SEARCH_PATHS = (
					"$(inherited)",
					"@executable_path/Frameworks",
				);
				PRODUCT_BUNDLE_IDENTIFIER = "alexBarajas.learning-Habit";
				PRODUCT_NAME = "$(TARGET_NAME)";
				SWIFT_VERSION = 5.0;
				TARGETED_DEVICE_FAMILY = "1,2";
			};
			name = Release;
		};
/* End XCBuildConfiguration section */

/* Begin XCConfigurationList section */
		A95E6B5926425FEB00C73E15 /* Build configuration list for PBXProject "learning_Habit" */ = {
			isa = XCConfigurationList;
			buildConfigurations = (
				A95E6B7326425FEC00C73E15 /* Debug */,
				A95E6B7426425FEC00C73E15 /* Release */,
			);
			defaultConfigurationIsVisible = 0;
			defaultConfigurationName = Release;
		};
		A95E6B7526425FEC00C73E15 /* Build configuration list for PBXNativeTarget "learning_Habit" */ = {
			isa = XCConfigurationList;
			buildConfigurations = (
				A95E6B7626425FEC00C73E15 /* Debug */,
				A95E6B7726425FEC00C73E15 /* Release */,
			);
			defaultConfigurationIsVisible = 0;
			defaultConfigurationName = Release;
		};
/* End XCConfigurationList section */

/* Begin XCVersionGroup section */
		A95E6B6726425FEB00C73E15 /* learning_Habit.xcdatamodeld */ = {
			isa = XCVersionGroup;
			children = (
				A95E6B6826425FEB00C73E15 /* learning_Habit.xcdatamodel */,
			);
			currentVersion = A95E6B6826425FEB00C73E15 /* learning_Habit.xcdatamodel */;
			path = learning_Habit.xcdatamodeld;
			sourceTree = "<group>";
			versionGroupType = wrapper.xcdatamodel;
		};
/* End XCVersionGroup section */
	};
	rootObject = A95E6B5626425FEB00C73E15 /* Project object */;
}
